{
  "name": "@lalalic/neo",
  "version": "0.1.0",
  "lockfileVersion": 3,
  "requires": true,
  "packages": {
    "": {
      "name": "@lalalic/neo",
      "version": "0.1.0",
      "license": "MIT",
      "dependencies": {
        "mac-developer-bridge": "git+https://github.com/alexanderradahl/mac-developer-bridge.git#fea70d1a3c5524164f2159f6063ba685fef91324"
      },
      "engines": {
        "node": ">=18"
      }
    },
    "node_modules/mac-developer-bridge": {
      "version": "0.2.0",
      "resolved": "git+ssh://git@github.com/alexanderradahl/mac-developer-bridge.git#fea70d1a3c5524164f2159f6063ba685fef91324",
      "integrity": "sha512-bUY0Zt/PyixSy/Pk+PxYDrCsY9P/6hA8KcFZSwkjtZy3a3mUmEEpuCaLdP02eq1WUomXwMlh1wDMf5zq/eW3cw==",
      "license": "MIT",
      "bin": {
        "mac-developer-bridge": "bridge.mjs",
        "mac-developer-bridge-http": "mcp-http.mjs"
      },
      "engines": {
        "node": ">=18"
      }
    }
  }
}
