{
  "name": "@neo/neoy-runtime",
  "version": "0.1.0",
  "lockfileVersion": 3,
  "requires": true,
  "packages": {
    "": {
      "name": "@neo/neoy-runtime",
      "version": "0.1.0",
      "dependencies": {
        "mac-developer-bridge": "git+https://github.com/lalalic/mac-developer-bridge.git#945ac81396fac26b2f0a67f5182b831e24dfe468"
      },
      "engines": {
        "node": ">=18"
      }
    },
    "node_modules/mac-developer-bridge": {
      "version": "0.2.0",
      "resolved": "git+ssh://git@github.com/lalalic/mac-developer-bridge.git#945ac81396fac26b2f0a67f5182b831e24dfe468",
      "integrity": "sha512-2XedRzCvMsxSMaV/9LDBxlA10qYw/gdcEaVyEzDlsPpBR+lTMniyKUG7Zu7gqw/mQyGHT8kh44v75D8ZbpyEiw==",
      "license": "MIT",
      "bin": {
        "mac-developer-bridge": "bridge.mjs",
        "mac-developer-bridge-http": "mcp-http.mjs"
      },
      "engines": {
        "node": ">=18"
      }
    }
  }
}
