{
  "originHash" : "1243e33fb376de16f5421c827f832cbbdcad1783e36142d6372a01b2ebf2747f",
  "pins" : [
    {
      "identity" : "copilot-ios",
      "kind" : "remoteSourceControl",
      "location" : "https://github.com/lalalic/copilot-ios.git",
      "state" : {
        "branch" : "main",
        "revision" : "38da4e702addb99ceda00c8bb80bdbf6131847af"
      }
    }
  ],
  "version" : 3
}
