{
  "originHash" : "fb3cd8e60cb7d9fc9b2a82fd90d0f4ad179e24c2e44f73ba1204c5fc2c243e74",
  "pins" : [
    {
      "identity" : "ffmpeg-kit-spm",
      "kind" : "remoteSourceControl",
      "location" : "https://github.com/yangliu-1995/ffmpeg-kit-spm.git",
      "state" : {
        "revision" : "1e881126683aef6d2686b479acb67a261efc5a40",
        "version" : "6.0.0"
      }
    }
  ],
  "version" : 3
}
